// !$*UTF8*$!
{
	archiveVersion = 1;
	classes = {
	};
	objectVersion = 50;
	objects = {

/* Begin PBXBuildFile section */
		341C657A24B22EBD003E60A2 /* MenuView.swift in Sources */ = {isa = PBXBuildFile; fileRef = 341C657924B22EBD003E60A2 /* MenuView.swift */; };
		341C657C24B2354C003E60A2 /* Home.swift in Sources */ = {isa = PBXBuildFile; fileRef = 341C657B24B2354B003E60A2 /* Home.swift */; };
		341C657E24B27B07003E60A2 /* HomeView.swift in Sources */ = {isa = PBXBuildFile; fileRef = 341C657D24B27B06003E60A2 /* HomeView.swift */; };
		341C658024B28830003E60A2 /* UpdateList.swift in Sources */ = {isa = PBXBuildFile; fileRef = 341C657F24B28830003E60A2 /* UpdateList.swift */; };
		341C658224B28C74003E60A2 /* UpdateDetail.swift in Sources */ = {isa = PBXBuildFile; fileRef = 341C658124B28C74003E60A2 /* UpdateDetail.swift */; };
		341C658424B28FAC003E60A2 /* UpdateStore.swift in Sources */ = {isa = PBXBuildFile; fileRef = 341C658324B28FAB003E60A2 /* UpdateStore.swift */; };
		341C658624B29E92003E60A2 /* TabBar.swift in Sources */ = {isa = PBXBuildFile; fileRef = 341C658524B29E91003E60A2 /* TabBar.swift */; };
		34BB8C0524B2A59000E71940 /* RingView.swift in Sources */ = {isa = PBXBuildFile; fileRef = 34BB8C0424B2A59000E71940 /* RingView.swift */; };
		34BB8C0724B357CB00E71940 /* Modifiers.swift in Sources */ = {isa = PBXBuildFile; fileRef = 34BB8C0624B357CB00E71940 /* Modifiers.swift */; };
		34BB8C2024B3599B00E71940 /* WorkSans-VariableFont_wght.ttf in Resources */ = {isa = PBXBuildFile; fileRef = 34BB8C0924B3599B00E71940 /* WorkSans-VariableFont_wght.ttf */; };
		34BB8C2124B3599B00E71940 /* WorkSans-Regular.ttf in Resources */ = {isa = PBXBuildFile; fileRef = 34BB8C0B24B3599B00E71940 /* WorkSans-Regular.ttf */; };
		34BB8C2224B3599B00E71940 /* WorkSans-Light.ttf in Resources */ = {isa = PBXBuildFile; fileRef = 34BB8C0C24B3599B00E71940 /* WorkSans-Light.ttf */; };
		34BB8C2324B3599B00E71940 /* WorkSans-ExtraBold.ttf in Resources */ = {isa = PBXBuildFile; fileRef = 34BB8C0D24B3599B00E71940 /* WorkSans-ExtraBold.ttf */; };
		34BB8C2424B3599B00E71940 /* WorkSans-SemiBoldItalic.ttf in Resources */ = {isa = PBXBuildFile; fileRef = 34BB8C0E24B3599B00E71940 /* WorkSans-SemiBoldItalic.ttf */; };
		34BB8C2524B3599B00E71940 /* WorkSans-MediumItalic.ttf in Resources */ = {isa = PBXBuildFile; fileRef = 34BB8C0F24B3599B00E71940 /* WorkSans-MediumItalic.ttf */; };
		34BB8C2624B3599B00E71940 /* WorkSans-BoldItalic.ttf in Resources */ = {isa = PBXBuildFile; fileRef = 34BB8C1024B3599B00E71940 /* WorkSans-BoldItalic.ttf */; };
		34BB8C2724B3599B00E71940 /* WorkSans-ExtraLight.ttf in Resources */ = {isa = PBXBuildFile; fileRef = 34BB8C1124B3599B00E71940 /* WorkSans-ExtraLight.ttf */; };
		34BB8C2824B3599B00E71940 /* WorkSans-ThinItalic.ttf in Resources */ = {isa = PBXBuildFile; fileRef = 34BB8C1224B3599B00E71940 /* WorkSans-ThinItalic.ttf */; };
		34BB8C2924B3599B00E71940 /* WorkSans-ExtraLightItalic.ttf in Resources */ = {isa = PBXBuildFile; fileRef = 34BB8C1324B3599B00E71940 /* WorkSans-ExtraLightItalic.ttf */; };
		34BB8C2A24B3599B00E71940 /* WorkSans-Medium.ttf in Resources */ = {isa = PBXBuildFile; fileRef = 34BB8C1424B3599B00E71940 /* WorkSans-Medium.ttf */; };
		34BB8C2B24B3599B00E71940 /* WorkSans-SemiBold.ttf in Resources */ = {isa = PBXBuildFile; fileRef = 34BB8C1524B3599B00E71940 /* WorkSans-SemiBold.ttf */; };
		34BB8C2C24B3599B00E71940 /* WorkSans-Italic.ttf in Resources */ = {isa = PBXBuildFile; fileRef = 34BB8C1624B3599B00E71940 /* WorkSans-Italic.ttf */; };
		34BB8C2D24B3599B00E71940 /* WorkSans-BlackItalic.ttf in Resources */ = {isa = PBXBuildFile; fileRef = 34BB8C1724B3599B00E71940 /* WorkSans-BlackItalic.ttf */; };
		34BB8C2E24B3599B00E71940 /* WorkSans-Thin.ttf in Resources */ = {isa = PBXBuildFile; fileRef = 34BB8C1824B3599B00E71940 /* WorkSans-Thin.ttf */; };
		34BB8C2F24B3599B00E71940 /* WorkSans-Black.ttf in Resources */ = {isa = PBXBuildFile; fileRef = 34BB8C1924B3599B00E71940 /* WorkSans-Black.ttf */; };
		34BB8C3024B3599B00E71940 /* WorkSans-LightItalic.ttf in Resources */ = {isa = PBXBuildFile; fileRef = 34BB8C1A24B3599B00E71940 /* WorkSans-LightItalic.ttf */; };
		34BB8C3124B3599B00E71940 /* WorkSans-ExtraBoldItalic.ttf in Resources */ = {isa = PBXBuildFile; fileRef = 34BB8C1B24B3599B00E71940 /* WorkSans-ExtraBoldItalic.ttf */; };
		34BB8C3224B3599B00E71940 /* WorkSans-Bold.ttf in Resources */ = {isa = PBXBuildFile; fileRef = 34BB8C1C24B3599B00E71940 /* WorkSans-Bold.ttf */; };
		34BB8C3324B3599B00E71940 /* WorkSans-Italic-VariableFont_wght.ttf in Resources */ = {isa = PBXBuildFile; fileRef = 34BB8C1D24B3599B00E71940 /* WorkSans-Italic-VariableFont_wght.ttf */; };
		34BB8C3424B3599B00E71940 /* OFL.txt in Resources */ = {isa = PBXBuildFile; fileRef = 34BB8C1E24B3599B00E71940 /* OFL.txt */; };
		34BB8C3524B3599B00E71940 /* README.txt in Resources */ = {isa = PBXBuildFile; fileRef = 34BB8C1F24B3599B00E71940 /* README.txt */; };
		34BB8C3724B368AD00E71940 /* CourseList.swift in Sources */ = {isa = PBXBuildFile; fileRef = 34BB8C3624B368AD00E71940 /* CourseList.swift */; };
		34E90B7924269C20005F73BE /* AppDelegate.swift in Sources */ = {isa = PBXBuildFile; fileRef = 34E90B7824269C20005F73BE /* AppDelegate.swift */; };
		34E90B7B24269C20005F73BE /* SceneDelegate.swift in Sources */ = {isa = PBXBuildFile; fileRef = 34E90B7A24269C20005F73BE /* SceneDelegate.swift */; };
		34E90B7D24269C20005F73BE /* ContentView.swift in Sources */ = {isa = PBXBuildFile; fileRef = 34E90B7C24269C20005F73BE /* ContentView.swift */; };
		34E90B7F24269C22005F73BE /* Assets.xcassets in Resources */ = {isa = PBXBuildFile; fileRef = 34E90B7E24269C22005F73BE /* Assets.xcassets */; };
		34E90B8224269C22005F73BE /* Preview Assets.xcassets in Resources */ = {isa = PBXBuildFile; fileRef = 34E90B8124269C22005F73BE /* Preview Assets.xcassets */; };
		34E90B8524269C22005F73BE /* LaunchScreen.storyboard in Resources */ = {isa = PBXBuildFile; fileRef = 34E90B8324269C22005F73BE /* LaunchScreen.storyboard */; };
/* End PBXBuildFile section */

/* Begin PBXFileReference section */
		341C657924B22EBD003E60A2 /* MenuView.swift */ = {isa = PBXFileReference; lastKnownFileType = sourcecode.swift; path = MenuView.swift; sourceTree = "<group>"; };
		341C657B24B2354B003E60A2 /* Home.swift */ = {isa = PBXFileReference; lastKnownFileType = sourcecode.swift; path = Home.swift; sourceTree = "<group>"; };
		341C657D24B27B06003E60A2 /* HomeView.swift */ = {isa = PBXFileReference; lastKnownFileType = sourcecode.swift; path = HomeView.swift; sourceTree = "<group>"; };
		341C657F24B28830003E60A2 /* UpdateList.swift */ = {isa = PBXFileReference; lastKnownFileType = sourcecode.swift; path = UpdateList.swift; sourceTree = "<group>"; };
		341C658124B28C74003E60A2 /* UpdateDetail.swift */ = {isa = PBXFileReference; lastKnownFileType = sourcecode.swift; path = UpdateDetail.swift; sourceTree = "<group>"; };
		341C658324B28FAB003E60A2 /* UpdateStore.swift */ = {isa = PBXFileReference; lastKnownFileType = sourcecode.swift; path = UpdateStore.swift; sourceTree = "<group>"; };
		341C658524B29E91003E60A2 /* TabBar.swift */ = {isa = PBXFileReference; lastKnownFileType = sourcecode.swift; path = TabBar.swift; sourceTree = "<group>"; };
		34BB8C0424B2A59000E71940 /* RingView.swift */ = {isa = PBXFileReference; lastKnownFileType = sourcecode.swift; path = RingView.swift; sourceTree = "<group>"; };
		34BB8C0624B357CB00E71940 /* Modifiers.swift */ = {isa = PBXFileReference; lastKnownFileType = sourcecode.swift; path = Modifiers.swift; sourceTree = "<group>"; };
		34BB8C0924B3599B00E71940 /* WorkSans-VariableFont_wght.ttf */ = {isa = PBXFileReference; lastKnownFileType = file; path = "WorkSans-VariableFont_wght.ttf"; sourceTree = "<group>"; };
		34BB8C0B24B3599B00E71940 /* WorkSans-Regular.ttf */ = {isa = PBXFileReference; lastKnownFileType = file; path = "WorkSans-Regular.ttf"; sourceTree = "<group>"; };
		34BB8C0C24B3599B00E71940 /* WorkSans-Light.ttf */ = {isa = PBXFileReference; lastKnownFileType = file; path = "WorkSans-Light.ttf"; sourceTree = "<group>"; };
		34BB8C0D24B3599B00E71940 /* WorkSans-ExtraBold.ttf */ = {isa = PBXFileReference; lastKnownFileType = file; path = "WorkSans-ExtraBold.ttf"; sourceTree = "<group>"; };
		34BB8C0E24B3599B00E71940 /* WorkSans-SemiBoldItalic.ttf */ = {isa = PBXFileReference; lastKnownFileType = file; path = "WorkSans-SemiBoldItalic.ttf"; sourceTree = "<group>"; };
		34BB8C0F24B3599B00E71940 /* WorkSans-MediumItalic.ttf */ = {isa = PBXFileReference; lastKnownFileType = file; path = "WorkSans-MediumItalic.ttf"; sourceTree = "<group>"; };
		34BB8C1024B3599B00E71940 /* WorkSans-BoldItalic.ttf */ = {isa = PBXFileReference; lastKnownFileType = file; path = "WorkSans-BoldItalic.ttf"; sourceTree = "<group>"; };
		34BB8C1124B3599B00E71940 /* WorkSans-ExtraLight.ttf */ = {isa = PBXFileReference; lastKnownFileType = file; path = "WorkSans-ExtraLight.ttf"; sourceTree = "<group>"; };
		34BB8C1224B3599B00E71940 /* WorkSans-ThinItalic.ttf */ = {isa = PBXFileReference; lastKnownFileType = file; path = "WorkSans-ThinItalic.ttf"; sourceTree = "<group>"; };
		34BB8C1324B3599B00E71940 /* WorkSans-ExtraLightItalic.ttf */ = {isa = PBXFileReference; lastKnownFileType = file; path = "WorkSans-ExtraLightItalic.ttf"; sourceTree = "<group>"; };
		34BB8C1424B3599B00E71940 /* WorkSans-Medium.ttf */ = {isa = PBXFileReference; lastKnownFileType = file; path = "WorkSans-Medium.ttf"; sourceTree = "<group>"; };
		34BB8C1524B3599B00E71940 /* WorkSans-SemiBold.ttf */ = {isa = PBXFileReference; lastKnownFileType = file; path = "WorkSans-SemiBold.ttf"; sourceTree = "<group>"; };
		34BB8C1624B3599B00E71940 /* WorkSans-Italic.ttf */ = {isa = PBXFileReference; lastKnownFileType = file; path = "WorkSans-Italic.ttf"; sourceTree = "<group>"; };
		34BB8C1724B3599B00E71940 /* WorkSans-BlackItalic.ttf */ = {isa = PBXFileReference; lastKnownFileType = file; path = "WorkSans-BlackItalic.ttf"; sourceTree = "<group>"; };
		34BB8C1824B3599B00E71940 /* WorkSans-Thin.ttf */ = {isa = PBXFileReference; lastKnownFileType = file; path = "WorkSans-Thin.ttf"; sourceTree = "<group>"; };
		34BB8C1924B3599B00E71940 /* WorkSans-Black.ttf */ = {isa = PBXFileReference; lastKnownFileType = file; path = "WorkSans-Black.ttf"; sourceTree = "<group>"; };
		34BB8C1A24B3599B00E71940 /* WorkSans-LightItalic.ttf */ = {isa = PBXFileReference; lastKnownFileType = file; path = "WorkSans-LightItalic.ttf"; sourceTree = "<group>"; };
		34BB8C1B24B3599B00E71940 /* WorkSans-ExtraBoldItalic.ttf */ = {isa = PBXFileReference; lastKnownFileType = file; path = "WorkSans-ExtraBoldItalic.ttf"; sourceTree = "<group>"; };
		34BB8C1C24B3599B00E71940 /* WorkSans-Bold.ttf */ = {isa = PBXFileReference; lastKnownFileType = file; path = "WorkSans-Bold.ttf"; sourceTree = "<group>"; };
		34BB8C1D24B3599B00E71940 /* WorkSans-Italic-VariableFont_wght.ttf */ = {isa = PBXFileReference; lastKnownFileType = file; path = "WorkSans-Italic-VariableFont_wght.ttf"; sourceTree = "<group>"; };
		34BB8C1E24B3599B00E71940 /* OFL.txt */ = {isa = PBXFileReference; fileEncoding = 4; lastKnownFileType = text; path = OFL.txt; sourceTree = "<group>"; };
		34BB8C1F24B3599B00E71940 /* README.txt */ = {isa = PBXFileReference; fileEncoding = 4; lastKnownFileType = text; path = README.txt; sourceTree = "<group>"; };
		34BB8C3624B368AD00E71940 /* CourseList.swift */ = {isa = PBXFileReference; lastKnownFileType = sourcecode.swift; path = CourseList.swift; sourceTree = "<group>"; };
		34E90B7524269C20005F73BE /* SwiftUIProject.app */ = {isa = PBXFileReference; explicitFileType = wrapper.application; includeInIndex = 0; path = SwiftUIProject.app; sourceTree = BUILT_PRODUCTS_DIR; };
		34E90B7824269C20005F73BE /* AppDelegate.swift */ = {isa = PBXFileReference; lastKnownFileType = sourcecode.swift; path = AppDelegate.swift; sourceTree = "<group>"; };
		34E90B7A24269C20005F73BE /* SceneDelegate.swift */ = {isa = PBXFileReference; lastKnownFileType = sourcecode.swift; path = SceneDelegate.swift; sourceTree = "<group>"; };
		34E90B7C24269C20005F73BE /* ContentView.swift */ = {isa = PBXFileReference; lastKnownFileType = sourcecode.swift; path = ContentView.swift; sourceTree = "<group>"; };
		34E90B7E24269C22005F73BE /* Assets.xcassets */ = {isa = PBXFileReference; lastKnownFileType = folder.assetcatalog; path = Assets.xcassets; sourceTree = "<group>"; };
		34E90B8124269C22005F73BE /* Preview Assets.xcassets */ = {isa = PBXFileReference; lastKnownFileType = folder.assetcatalog; path = "Preview Assets.xcassets"; sourceTree = "<group>"; };
		34E90B8424269C22005F73BE /* Base */ = {isa = PBXFileReference; lastKnownFileType = file.storyboard; name = Base; path = Base.lproj/LaunchScreen.storyboard; sourceTree = "<group>"; };
		34E90B8624269C22005F73BE /* Info.plist */ = {isa = PBXFileReference; lastKnownFileType = text.plist.xml; path = Info.plist; sourceTree = "<group>"; };
/* End PBXFileReference section */

/* Begin PBXFrameworksBuildPhase section */
		34E90B7224269C20005F73BE /* Frameworks */ = {
			isa = PBXFrameworksBuildPhase;
			buildActionMask = 2147483647;
			files = (
			);
			runOnlyForDeploymentPostprocessing = 0;
		};
/* End PBXFrameworksBuildPhase section */

/* Begin PBXGroup section */
		34BB8C0824B3599B00E71940 /* Work_Sans */ = {
			isa = PBXGroup;
			children = (
				34BB8C0924B3599B00E71940 /* WorkSans-VariableFont_wght.ttf */,
				34BB8C0A24B3599B00E71940 /* static */,
				34BB8C1D24B3599B00E71940 /* WorkSans-Italic-VariableFont_wght.ttf */,
				34BB8C1E24B3599B00E71940 /* OFL.txt */,
				34BB8C1F24B3599B00E71940 /* README.txt */,
			);
			path = Work_Sans;
			sourceTree = "<group>";
		};
		34BB8C0A24B3599B00E71940 /* static */ = {
			isa = PBXGroup;
			children = (
				34BB8C0B24B3599B00E71940 /* WorkSans-Regular.ttf */,
				34BB8C0C24B3599B00E71940 /* WorkSans-Light.ttf */,
				34BB8C0D24B3599B00E71940 /* WorkSans-ExtraBold.ttf */,
				34BB8C0E24B3599B00E71940 /* WorkSans-SemiBoldItalic.ttf */,
				34BB8C0F24B3599B00E71940 /* WorkSans-MediumItalic.ttf */,
				34BB8C1024B3599B00E71940 /* WorkSans-BoldItalic.ttf */,
				34BB8C1124B3599B00E71940 /* WorkSans-ExtraLight.ttf */,
				34BB8C1224B3599B00E71940 /* WorkSans-ThinItalic.ttf */,
				34BB8C1324B3599B00E71940 /* WorkSans-ExtraLightItalic.ttf */,
				34BB8C1424B3599B00E71940 /* WorkSans-Medium.ttf */,
				34BB8C1524B3599B00E71940 /* WorkSans-SemiBold.ttf */,
				34BB8C1624B3599B00E71940 /* WorkSans-Italic.ttf */,
				34BB8C1724B3599B00E71940 /* WorkSans-BlackItalic.ttf */,
				34BB8C1824B3599B00E71940 /* WorkSans-Thin.ttf */,
				34BB8C1924B3599B00E71940 /* WorkSans-Black.ttf */,
				34BB8C1A24B3599B00E71940 /* WorkSans-LightItalic.ttf */,
				34BB8C1B24B3599B00E71940 /* WorkSans-ExtraBoldItalic.ttf */,
				34BB8C1C24B3599B00E71940 /* WorkSans-Bold.ttf */,
			);
			path = static;
			sourceTree = "<group>";
		};
		34E90B6C24269C20005F73BE = {
			isa = PBXGroup;
			children = (
				34E90B7724269C20005F73BE /* SwiftUIProject */,
				34E90B7624269C20005F73BE /* Products */,
			);
			sourceTree = "<group>";
		};
		34E90B7624269C20005F73BE /* Products */ = {
			isa = PBXGroup;
			children = (
				34E90B7524269C20005F73BE /* SwiftUIProject.app */,
			);
			name = Products;
			sourceTree = "<group>";
		};
		34E90B7724269C20005F73BE /* SwiftUIProject */ = {
			isa = PBXGroup;
			children = (
				34E90B7824269C20005F73BE /* AppDelegate.swift */,
				34E90B7A24269C20005F73BE /* SceneDelegate.swift */,
				34E90B7C24269C20005F73BE /* ContentView.swift */,
				34BB8C0424B2A59000E71940 /* RingView.swift */,
				34BB8C0624B357CB00E71940 /* Modifiers.swift */,
				341C657B24B2354B003E60A2 /* Home.swift */,
				341C657D24B27B06003E60A2 /* HomeView.swift */,
				34BB8C3624B368AD00E71940 /* CourseList.swift */,
				341C657924B22EBD003E60A2 /* MenuView.swift */,
				341C657F24B28830003E60A2 /* UpdateList.swift */,
				341C658124B28C74003E60A2 /* UpdateDetail.swift */,
				341C658324B28FAB003E60A2 /* UpdateStore.swift */,
				341C658524B29E91003E60A2 /* TabBar.swift */,
				34E90B7E24269C22005F73BE /* Assets.xcassets */,
				34BB8C0824B3599B00E71940 /* Work_Sans */,
				34E90B8324269C22005F73BE /* LaunchScreen.storyboard */,
				34E90B8624269C22005F73BE /* Info.plist */,
				34E90B8024269C22005F73BE /* Preview Content */,
			);
			path = SwiftUIProject;
			sourceTree = "<group>";
		};
		34E90B8024269C22005F73BE /* Preview Content */ = {
			isa = PBXGroup;
			children = (
				34E90B8124269C22005F73BE /* Preview Assets.xcassets */,
			);
			path = "Preview Content";
			sourceTree = "<group>";
		};
/* End PBXGroup section */

/* Begin PBXNativeTarget section */
		34E90B7424269C20005F73BE /* SwiftUIProject */ = {
			isa = PBXNativeTarget;
			buildConfigurationList = 34E90B8924269C22005F73BE /* Build configuration list for PBXNativeTarget "SwiftUIProject" */;
			buildPhases = (
				34E90B7124269C20005F73BE /* Sources */,
				34E90B7224269C20005F73BE /* Frameworks */,
				34E90B7324269C20005F73BE /* Resources */,
			);
			buildRules = (
			);
			dependencies = (
			);
			name = SwiftUIProject;
			productName = SwiftUIProject;
			productReference = 34E90B7524269C20005F73BE /* SwiftUIProject.app */;
			productType = "com.apple.product-type.application";
		};
/* End PBXNativeTarget section */

/* Begin PBXProject section */
		34E90B6D24269C20005F73BE /* Project object */ = {
			isa = PBXProject;
			attributes = {
				LastSwiftUpdateCheck = 1120;
				LastUpgradeCheck = 1120;
				ORGANIZATIONNAME = "Kenny Ho";
				TargetAttributes = {
					34E90B7424269C20005F73BE = {
						CreatedOnToolsVersion = 11.2.1;
					};
				};
			};
			buildConfigurationList = 34E90B7024269C20005F73BE /* Build configuration list for PBXProject "SwiftUIProject" */;
			compatibilityVersion = "Xcode 9.3";
			developmentRegion = en;
			hasScannedForEncodings = 0;
			knownRegions = (
				en,
				Base,
			);
			mainGroup = 34E90B6C24269C20005F73BE;
			productRefGroup = 34E90B7624269C20005F73BE /* Products */;
			projectDirPath = "";
			projectRoot = "";
			targets = (
				34E90B7424269C20005F73BE /* SwiftUIProject */,
			);
		};
/* End PBXProject section */

/* Begin PBXResourcesBuildPhase section */
		34E90B7324269C20005F73BE /* Resources */ = {
			isa = PBXResourcesBuildPhase;
			buildActionMask = 2147483647;
			files = (
				34BB8C2B24B3599B00E71940 /* WorkSans-SemiBold.ttf in Resources */,
				34E90B8524269C22005F73BE /* LaunchScreen.storyboard in Resources */,
				34BB8C2F24B3599B00E71940 /* WorkSans-Black.ttf in Resources */,
				34BB8C2524B3599B00E71940 /* WorkSans-MediumItalic.ttf in Resources */,
				34BB8C2E24B3599B00E71940 /* WorkSans-Thin.ttf in Resources */,
				34BB8C2424B3599B00E71940 /* WorkSans-SemiBoldItalic.ttf in Resources */,
				34BB8C3424B3599B00E71940 /* OFL.txt in Resources */,
				34BB8C2624B3599B00E71940 /* WorkSans-BoldItalic.ttf in Resources */,
				34BB8C3224B3599B00E71940 /* WorkSans-Bold.ttf in Resources */,
				34BB8C2224B3599B00E71940 /* WorkSans-Light.ttf in Resources */,
				34BB8C2D24B3599B00E71940 /* WorkSans-BlackItalic.ttf in Resources */,
				34BB8C3124B3599B00E71940 /* WorkSans-ExtraBoldItalic.ttf in Resources */,
				34BB8C2A24B3599B00E71940 /* WorkSans-Medium.ttf in Resources */,
				34BB8C2824B3599B00E71940 /* WorkSans-ThinItalic.ttf in Resources */,
				34BB8C3524B3599B00E71940 /* README.txt in Resources */,
				34BB8C2724B3599B00E71940 /* WorkSans-ExtraLight.ttf in Resources */,
				34BB8C2324B3599B00E71940 /* WorkSans-ExtraBold.ttf in Resources */,
				34BB8C2C24B3599B00E71940 /* WorkSans-Italic.ttf in Resources */,
				34BB8C3324B3599B00E71940 /* WorkSans-Italic-VariableFont_wght.ttf in Resources */,
				34BB8C2024B3599B00E71940 /* WorkSans-VariableFont_wght.ttf in Resources */,
				34BB8C2924B3599B00E71940 /* WorkSans-ExtraLightItalic.ttf in Resources */,
				34E90B8224269C22005F73BE /* Preview Assets.xcassets in Resources */,
				34E90B7F24269C22005F73BE /* Assets.xcassets in Resources */,
				34BB8C2124B3599B00E71940 /* WorkSans-Regular.ttf in Resources */,
				34BB8C3024B3599B00E71940 /* WorkSans-LightItalic.ttf in Resources */,
			);
			runOnlyForDeploymentPostprocessing = 0;
		};
/* End PBXResourcesBuildPhase section */

/* Begin PBXSourcesBuildPhase section */
		34E90B7124269C20005F73BE /* Sources */ = {
			isa = PBXSourcesBuildPhase;
			buildActionMask = 2147483647;
			files = (
				34E90B7924269C20005F73BE /* AppDelegate.swift in Sources */,
				341C658424B28FAC003E60A2 /* UpdateStore.swift in Sources */,
				341C658024B28830003E60A2 /* UpdateList.swift in Sources */,
				341C657A24B22EBD003E60A2 /* MenuView.swift in Sources */,
				34BB8C0724B357CB00E71940 /* Modifiers.swift in Sources */,
				341C658224B28C74003E60A2 /* UpdateDetail.swift in Sources */,
				34BB8C0524B2A59000E71940 /* RingView.swift in Sources */,
				341C657C24B2354C003E60A2 /* Home.swift in Sources */,
				341C657E24B27B07003E60A2 /* HomeView.swift in Sources */,
				34E90B7B24269C20005F73BE /* SceneDelegate.swift in Sources */,
				34E90B7D24269C20005F73BE /* ContentView.swift in Sources */,
				341C658624B29E92003E60A2 /* TabBar.swift in Sources */,
				34BB8C3724B368AD00E71940 /* CourseList.swift in Sources */,
			);
			runOnlyForDeploymentPostprocessing = 0;
		};
/* End PBXSourcesBuildPhase section */

/* Begin PBXVariantGroup section */
		34E90B8324269C22005F73BE /* LaunchScreen.storyboard */ = {
			isa = PBXVariantGroup;
			children = (
				34E90B8424269C22005F73BE /* Base */,
			);
			name = LaunchScreen.storyboard;
			sourceTree = "<group>";
		};
/* End PBXVariantGroup section */

/* Begin XCBuildConfiguration section */
		34E90B8724269C22005F73BE /* Debug */ = {
			isa = XCBuildConfiguration;
			buildSettings = {
				ALWAYS_SEARCH_USER_PATHS = NO;
				CLANG_ANALYZER_NONNULL = YES;
				CLANG_ANALYZER_NUMBER_OBJECT_CONVERSION = YES_AGGRESSIVE;
				CLANG_CXX_LANGUAGE_STANDARD = "gnu++14";
				CLANG_CXX_LIBRARY = "libc++";
				CLANG_ENABLE_MODULES = YES;
				CLANG_ENABLE_OBJC_ARC = YES;
				CLANG_ENABLE_OBJC_WEAK = YES;
				CLANG_WARN_BLOCK_CAPTURE_AUTORELEASING = YES;
				CLANG_WARN_BOOL_CONVERSION = YES;
				CLANG_WARN_COMMA = YES;
				CLANG_WARN_CONSTANT_CONVERSION = YES;
				CLANG_WARN_DEPRECATED_OBJC_IMPLEMENTATIONS = YES;
				CLANG_WARN_DIRECT_OBJC_ISA_USAGE = YES_ERROR;
				CLANG_WARN_DOCUMENTATION_COMMENTS = YES;
				CLANG_WARN_EMPTY_BODY = YES;
				CLANG_WARN_ENUM_CONVERSION = YES;
				CLANG_WARN_INFINITE_RECURSION = YES;
				CLANG_WARN_INT_CONVERSION = YES;
				CLANG_WARN_NON_LITERAL_NULL_CONVERSION = YES;
				CLANG_WARN_OBJC_IMPLICIT_RETAIN_SELF = YES;
				CLANG_WARN_OBJC_LITERAL_CONVERSION = YES;
				CLANG_WARN_OBJC_ROOT_CLASS = YES_ERROR;
				CLANG_WARN_RANGE_LOOP_ANALYSIS = YES;
				CLANG_WARN_STRICT_PROTOTYPES = YES;
				CLANG_WARN_SUSPICIOUS_MOVE = YES;
				CLANG_WARN_UNGUARDED_AVAILABILITY = YES_AGGRESSIVE;
				CLANG_WARN_UNREACHABLE_CODE = YES;
				CLANG_WARN__DUPLICATE_METHOD_MATCH = YES;
				COPY_PHASE_STRIP = NO;
				DEBUG_INFORMATION_FORMAT = dwarf;
				ENABLE_STRICT_OBJC_MSGSEND = YES;
				ENABLE_TESTABILITY = YES;
				GCC_C_LANGUAGE_STANDARD = gnu11;
				GCC_DYNAMIC_NO_PIC = NO;
				GCC_NO_COMMON_BLOCKS = YES;
				GCC_OPTIMIZATION_LEVEL = 0;
				GCC_PREPROCESSOR_DEFINITIONS = (
					"DEBUG=1",
					"$(inherited)",
				);
				GCC_WARN_64_TO_32_BIT_CONVERSION = YES;
				GCC_WARN_ABOUT_RETURN_TYPE = YES_ERROR;
				GCC_WARN_UNDECLARED_SELECTOR = YES;
				GCC_WARN_UNINITIALIZED_AUTOS = YES_AGGRESSIVE;
				GCC_WARN_UNUSED_FUNCTION = YES;
				GCC_WARN_UNUSED_VARIABLE = YES;
				IPHONEOS_DEPLOYMENT_TARGET = 13.2;
				MTL_ENABLE_DEBUG_INFO = INCLUDE_SOURCE;
				MTL_FAST_MATH = YES;
				ONLY_ACTIVE_ARCH = YES;
				SDKROOT = iphoneos;
				SWIFT_ACTIVE_COMPILATION_CONDITIONS = DEBUG;
				SWIFT_OPTIMIZATION_LEVEL = "-Onone";
			};
			name = Debug;
		};
		34E90B8824269C22005F73BE /* Release */ = {
			isa = XCBuildConfiguration;
			buildSettings = {
				ALWAYS_SEARCH_USER_PATHS = NO;
				CLANG_ANALYZER_NONNULL = YES;
				CLANG_ANALYZER_NUMBER_OBJECT_CONVERSION = YES_AGGRESSIVE;
				CLANG_CXX_LANGUAGE_STANDARD = "gnu++14";
				CLANG_CXX_LIBRARY = "libc++";
				CLANG_ENABLE_MODULES = YES;
				CLANG_ENABLE_OBJC_ARC = YES;
				CLANG_ENABLE_OBJC_WEAK = YES;
				CLANG_WARN_BLOCK_CAPTURE_AUTORELEASING = YES;
				CLANG_WARN_BOOL_CONVERSION = YES;
				CLANG_WARN_COMMA = YES;
				CLANG_WARN_CONSTANT_CONVERSION = YES;
				CLANG_WARN_DEPRECATED_OBJC_IMPLEMENTATIONS = YES;
				CLANG_WARN_DIRECT_OBJC_ISA_USAGE = YES_ERROR;
				CLANG_WARN_DOCUMENTATION_COMMENTS = YES;
				CLANG_WARN_EMPTY_BODY = YES;
				CLANG_WARN_ENUM_CONVERSION = YES;
				CLANG_WARN_INFINITE_RECURSION = YES;
				CLANG_WARN_INT_CONVERSION = YES;
				CLANG_WARN_NON_LITERAL_NULL_CONVERSION = YES;
				CLANG_WARN_OBJC_IMPLICIT_RETAIN_SELF = YES;
				CLANG_WARN_OBJC_LITERAL_CONVERSION = YES;
				CLANG_WARN_OBJC_ROOT_CLASS = YES_ERROR;
				CLANG_WARN_RANGE_LOOP_ANALYSIS = YES;
				CLANG_WARN_STRICT_PROTOTYPES = YES;
				CLANG_WARN_SUSPICIOUS_MOVE = YES;
				CLANG_WARN_UNGUARDED_AVAILABILITY = YES_AGGRESSIVE;
				CLANG_WARN_UNREACHABLE_CODE = YES;
				CLANG_WARN__DUPLICATE_METHOD_MATCH = YES;
				COPY_PHASE_STRIP = NO;
				DEBUG_INFORMATION_FORMAT = "dwarf-with-dsym";
				ENABLE_NS_ASSERTIONS = NO;
				ENABLE_STRICT_OBJC_MSGSEND = YES;
				GCC_C_LANGUAGE_STANDARD = gnu11;
				GCC_NO_COMMON_BLOCKS = YES;
				GCC_WARN_64_TO_32_BIT_CONVERSION = YES;
				GCC_WARN_ABOUT_RETURN_TYPE = YES_ERROR;
				GCC_WARN_UNDECLARED_SELECTOR = YES;
				GCC_WARN_UNINITIALIZED_AUTOS = YES_AGGRESSIVE;
				GCC_WARN_UNUSED_FUNCTION = YES;
				GCC_WARN_UNUSED_VARIABLE = YES;
				IPHONEOS_DEPLOYMENT_TARGET = 13.2;
				MTL_ENABLE_DEBUG_INFO = NO;
				MTL_FAST_MATH = YES;
				SDKROOT = iphoneos;
				SWIFT_COMPILATION_MODE = wholemodule;
				SWIFT_OPTIMIZATION_LEVEL = "-O";
				VALIDATE_PRODUCT = YES;
			};
			name = Release;
		};
		34E90B8A24269C22005F73BE /* Debug */ = {
			isa = XCBuildConfiguration;
			buildSettings = {
				ASSETCATALOG_COMPILER_APPICON_NAME = AppIcon;
				CODE_SIGN_STYLE = Automatic;
				DEVELOPMENT_ASSET_PATHS = "\"SwiftUIProject/Preview Content\"";
				DEVELOPMENT_TEAM = ZV6EBYUAX8;
				ENABLE_PREVIEWS = YES;
				INFOPLIST_FILE = SwiftUIProject/Info.plist;
				LD_RUNPATH_SEARCH_PATHS = (
					"$(inherited)",
					"@executable_path/Frameworks",
				);
				PRODUCT_BUNDLE_IDENTIFIER = KNG.SwiftUIProject;
				PRODUCT_NAME = "$(TARGET_NAME)";
				SWIFT_VERSION = 5.0;
				TARGETED_DEVICE_FAMILY = "1,2";
			};
			name = Debug;
		};
		34E90B8B24269C22005F73BE /* Release */ = {
			isa = XCBuildConfiguration;
			buildSettings = {
				ASSETCATALOG_COMPILER_APPICON_NAME = AppIcon;
				CODE_SIGN_STYLE = Automatic;
				DEVELOPMENT_ASSET_PATHS = "\"SwiftUIProject/Preview Content\"";
				DEVELOPMENT_TEAM = ZV6EBYUAX8;
				ENABLE_PREVIEWS = YES;
				INFOPLIST_FILE = SwiftUIProject/Info.plist;
				LD_RUNPATH_SEARCH_PATHS = (
					"$(inherited)",
					"@executable_path/Frameworks",
				);
				PRODUCT_BUNDLE_IDENTIFIER = KNG.SwiftUIProject;
				PRODUCT_NAME = "$(TARGET_NAME)";
				SWIFT_VERSION = 5.0;
				TARGETED_DEVICE_FAMILY = "1,2";
			};
			name = Release;
		};
/* End XCBuildConfiguration section */

/* Begin XCConfigurationList section */
		34E90B7024269C20005F73BE /* Build configuration list for PBXProject "SwiftUIProject" */ = {
			isa = XCConfigurationList;
			buildConfigurations = (
				34E90B8724269C22005F73BE /* Debug */,
				34E90B8824269C22005F73BE /* Release */,
			);
			defaultConfigurationIsVisible = 0;
			defaultConfigurationName = Release;
		};
		34E90B8924269C22005F73BE /* Build configuration list for PBXNativeTarget "SwiftUIProject" */ = {
			isa = XCConfigurationList;
			buildConfigurations = (
				34E90B8A24269C22005F73BE /* Debug */,
				34E90B8B24269C22005F73BE /* Release */,
			);
			defaultConfigurationIsVisible = 0;
			defaultConfigurationName = Release;
		};
/* End XCConfigurationList section */
	};
	rootObject = 34E90B6D24269C20005F73BE /* Project object */;
}
